
Microsoft Visual Studio Solution File, Format Version 11.00
# Visual Studio 2010
Project("{FAE04EC0-301F-11D3-BF4B-00C04F79EFBC}") = "Assembly-CSharp", "Assembly-CSharp.csproj", "{69BE3574-7D9E-7B40-0961-936F3DC87595}"
EndProject
Project("{FAE04EC0-301F-11D3-BF4B-00C04F79EFBC}") = "Assembly-CSharp-Editor", "Assembly-CSharp-Editor.csproj", "{B63A68C3-A5DD-3373-361F-30AA77D85D2F}"
EndProject
Global
	GlobalSection(SolutionConfigurationPlatforms) = preSolution
		Debug|Any CPU = Debug|Any CPU
		Release|Any CPU = Release|Any CPU
	EndGlobalSection
	GlobalSection(ProjectConfigurationPlatforms) = postSolution
		{69BE3574-7D9E-7B40-0961-936F3DC87595}.Debug|Any CPU.ActiveCfg = Debug|Any CPU
		{69BE3574-7D9E-7B40-0961-936F3DC87595}.Debug|Any CPU.Build.0 = Debug|Any CPU
		{69BE3574-7D9E-7B40-0961-936F3DC87595}.Release|Any CPU.ActiveCfg = Release|Any CPU
		{69BE3574-7D9E-7B40-0961-936F3DC87595}.Release|Any CPU.Build.0 = Release|Any CPU
		{B63A68C3-A5DD-3373-361F-30AA77D85D2F}.Debug|Any CPU.ActiveCfg = Debug|Any CPU
		{B63A68C3-A5DD-3373-361F-30AA77D85D2F}.Debug|Any CPU.Build.0 = Debug|Any CPU
		{B63A68C3-A5DD-3373-361F-30AA77D85D2F}.Release|Any CPU.ActiveCfg = Release|Any CPU
		{B63A68C3-A5DD-3373-361F-30AA77D85D2F}.Release|Any CPU.Build.0 = Release|Any CPU
	EndGlobalSection
	GlobalSection(SolutionProperties) = preSolution
		HideSolutionNode = FALSE
	EndGlobalSection
	GlobalSection(MonoDevelopProperties) = preSolution
		StartupItem = Assembly-CSharp.csproj
	EndGlobalSection
EndGlobal
